
Microsoft Visual Studio Solution File, Format Version 12.00
# Visual Studio Version 17
VisualStudioVersion = 17.7.34202.233
MinimumVisualStudioVersion = 10.0.40219.1
Project("{8BC9CEB8-8B4A-11D0-8D11-00A0C91BC942}") = "lab16", "lab16\lab16.vcxproj", "{8E454418-5BA1-42C0-85D5-E28DE8FD722F}"
EndProject
Project("{8BC9CEB8-8B4A-11D0-8D11-00A0C91BC942}") = "lab16.2", "lab16.2\lab16.2.vcxproj", "{946F8E3F-3419-44BC-9777-6696D7C7F8D7}"
EndProject
Project("{8BC9CEB8-8B4A-11D0-8D11-00A0C91BC942}") = "lab16+16.2", "lab16+16.2\lab16+16.2.vcxproj", "{88BFF8CE-06D1-472E-9539-A178DC8F8910}"
EndProject
Project("{8BC9CEB8-8B4A-11D0-8D11-00A0C91BC942}") = "interface1", "interface1\interface1.vcxproj", "{36B48F34-C9F7-4E9F-AFA6-C3ED0661D618}"
EndProject
Project("{8BC9CEB8-8B4A-11D0-8D11-00A0C91BC942}") = "var13.1", "var13.1\var13.1.vcxproj", "{68FAD29D-6E91-48FC-B748-742F6A56B38E}"
EndProject
Project("{8BC9CEB8-8B4A-11D0-8D11-00A0C91BC942}") = "var13.2", "var13.2\var13.2.vcxproj", "{10558965-37E8-4EA2-898F-F37763023E27}"
EndProject
Project("{8BC9CEB8-8B4A-11D0-8D11-00A0C91BC942}") = "interface2", "interface2\interface2.vcxproj", "{F279142E-A699-45C9-B897-37FE407B9FE6}"
EndProject
Project("{8BC9CEB8-8B4A-11D0-8D11-00A0C91BC942}") = "var14.1", "var14.1\var14.1.vcxproj", "{26907F92-8912-47ED-AEA3-44E946621B9C}"
EndProject
Project("{8BC9CEB8-8B4A-11D0-8D11-00A0C91BC942}") = "var14.2", "var14.2\var14.2.vcxproj", "{8440BB77-B923-4A19-87D8-37B2F38A476D}"
EndProject
Project("{8BC9CEB8-8B4A-11D0-8D11-00A0C91BC942}") = "interface3", "interface3\interface3.vcxproj", "{10F52601-B0C0-46E4-91BC-5D6EE3123626}"
EndProject
Project("{8BC9CEB8-8B4A-11D0-8D11-00A0C91BC942}") = "var15.1", "var15.1\var15.1.vcxproj", "{05A5A522-A0BB-4096-884D-660EF4E8D11D}"
EndProject
Project("{8BC9CEB8-8B4A-11D0-8D11-00A0C91BC942}") = "var15.2", "var15.2\var15.2.vcxproj", "{561F86AB-0704-471F-AF77-A41FD3FEA693}"
EndProject
Project("{8BC9CEB8-8B4A-11D0-8D11-00A0C91BC942}") = "interface4", "interface4\interface4.vcxproj", "{1FF60752-CAB7-49D0-B443-2D9A6B4482DB}"
EndProject
Global
	GlobalSection(SolutionConfigurationPlatforms) = preSolution
		Debug|x64 = Debug|x64
		Debug|x86 = Debug|x86
		Release|x64 = Release|x64
		Release|x86 = Release|x86
	EndGlobalSection
	GlobalSection(ProjectConfigurationPlatforms) = postSolution
		{8E454418-5BA1-42C0-85D5-E28DE8FD722F}.Debug|x64.ActiveCfg = Debug|x64
		{8E454418-5BA1-42C0-85D5-E28DE8FD722F}.Debug|x64.Build.0 = Debug|x64
		{8E454418-5BA1-42C0-85D5-E28DE8FD722F}.Debug|x86.ActiveCfg = Debug|Win32
		{8E454418-5BA1-42C0-85D5-E28DE8FD722F}.Debug|x86.Build.0 = Debug|Win32
		{8E454418-5BA1-42C0-85D5-E28DE8FD722F}.Release|x64.ActiveCfg = Release|x64
		{8E454418-5BA1-42C0-85D5-E28DE8FD722F}.Release|x64.Build.0 = Release|x64
		{8E454418-5BA1-42C0-85D5-E28DE8FD722F}.Release|x86.ActiveCfg = Release|Win32
		{8E454418-5BA1-42C0-85D5-E28DE8FD722F}.Release|x86.Build.0 = Release|Win32
		{946F8E3F-3419-44BC-9777-6696D7C7F8D7}.Debug|x64.ActiveCfg = Debug|x64
		{946F8E3F-3419-44BC-9777-6696D7C7F8D7}.Debug|x64.Build.0 = Debug|x64
		{946F8E3F-3419-44BC-9777-6696D7C7F8D7}.Debug|x86.ActiveCfg = Debug|Win32
		{946F8E3F-3419-44BC-9777-6696D7C7F8D7}.Debug|x86.Build.0 = Debug|Win32
		{946F8E3F-3419-44BC-9777-6696D7C7F8D7}.Release|x64.ActiveCfg = Release|x64
		{946F8E3F-3419-44BC-9777-6696D7C7F8D7}.Release|x64.Build.0 = Release|x64
		{946F8E3F-3419-44BC-9777-6696D7C7F8D7}.Release|x86.ActiveCfg = Release|Win32
		{946F8E3F-3419-44BC-9777-6696D7C7F8D7}.Release|x86.Build.0 = Release|Win32
		{88BFF8CE-06D1-472E-9539-A178DC8F8910}.Debug|x64.ActiveCfg = Debug|x64
		{88BFF8CE-06D1-472E-9539-A178DC8F8910}.Debug|x64.Build.0 = Debug|x64
		{88BFF8CE-06D1-472E-9539-A178DC8F8910}.Debug|x86.ActiveCfg = Debug|Win32
		{88BFF8CE-06D1-472E-9539-A178DC8F8910}.Debug|x86.Build.0 = Debug|Win32
		{88BFF8CE-06D1-472E-9539-A178DC8F8910}.Release|x64.ActiveCfg = Release|x64
		{88BFF8CE-06D1-472E-9539-A178DC8F8910}.Release|x64.Build.0 = Release|x64
		{88BFF8CE-06D1-472E-9539-A178DC8F8910}.Release|x86.ActiveCfg = Release|Win32
		{88BFF8CE-06D1-472E-9539-A178DC8F8910}.Release|x86.Build.0 = Release|Win32
		{36B48F34-C9F7-4E9F-AFA6-C3ED0661D618}.Debug|x64.ActiveCfg = Debug|x64
		{36B48F34-C9F7-4E9F-AFA6-C3ED0661D618}.Debug|x64.Build.0 = Debug|x64
		{36B48F34-C9F7-4E9F-AFA6-C3ED0661D618}.Debug|x86.ActiveCfg = Debug|Win32
		{36B48F34-C9F7-4E9F-AFA6-C3ED0661D618}.Debug|x86.Build.0 = Debug|Win32
		{36B48F34-C9F7-4E9F-AFA6-C3ED0661D618}.Release|x64.ActiveCfg = Release|x64
		{36B48F34-C9F7-4E9F-AFA6-C3ED0661D618}.Release|x64.Build.0 = Release|x64
		{36B48F34-C9F7-4E9F-AFA6-C3ED0661D618}.Release|x86.ActiveCfg = Release|Win32
		{36B48F34-C9F7-4E9F-AFA6-C3ED0661D618}.Release|x86.Build.0 = Release|Win32
		{68FAD29D-6E91-48FC-B748-742F6A56B38E}.Debug|x64.ActiveCfg = Debug|x64
		{68FAD29D-6E91-48FC-B748-742F6A56B38E}.Debug|x64.Build.0 = Debug|x64
		{68FAD29D-6E91-48FC-B748-742F6A56B38E}.Debug|x86.ActiveCfg = Debug|Win32
		{68FAD29D-6E91-48FC-B748-742F6A56B38E}.Debug|x86.Build.0 = Debug|Win32
		{68FAD29D-6E91-48FC-B748-742F6A56B38E}.Release|x64.ActiveCfg = Release|x64
		{68FAD29D-6E91-48FC-B748-742F6A56B38E}.Release|x64.Build.0 = Release|x64
		{68FAD29D-6E91-48FC-B748-742F6A56B38E}.Release|x86.ActiveCfg = Release|Win32
		{68FAD29D-6E91-48FC-B748-742F6A56B38E}.Release|x86.Build.0 = Release|Win32
		{10558965-37E8-4EA2-898F-F37763023E27}.Debug|x64.ActiveCfg = Debug|x64
		{10558965-37E8-4EA2-898F-F37763023E27}.Debug|x64.Build.0 = Debug|x64
		{10558965-37E8-4EA2-898F-F37763023E27}.Debug|x86.ActiveCfg = Debug|Win32
		{10558965-37E8-4EA2-898F-F37763023E27}.Debug|x86.Build.0 = Debug|Win32
		{10558965-37E8-4EA2-898F-F37763023E27}.Release|x64.ActiveCfg = Release|x64
		{10558965-37E8-4EA2-898F-F37763023E27}.Release|x64.Build.0 = Release|x64
		{10558965-37E8-4EA2-898F-F37763023E27}.Release|x86.ActiveCfg = Release|Win32
		{10558965-37E8-4EA2-898F-F37763023E27}.Release|x86.Build.0 = Release|Win32
		{F279142E-A699-45C9-B897-37FE407B9FE6}.Debug|x64.ActiveCfg = Debug|x64
		{F279142E-A699-45C9-B897-37FE407B9FE6}.Debug|x64.Build.0 = Debug|x64
		{F279142E-A699-45C9-B897-37FE407B9FE6}.Debug|x86.ActiveCfg = Debug|Win32
		{F279142E-A699-45C9-B897-37FE407B9FE6}.Debug|x86.Build.0 = Debug|Win32
		{F279142E-A699-45C9-B897-37FE407B9FE6}.Release|x64.ActiveCfg = Release|x64
		{F279142E-A699-45C9-B897-37FE407B9FE6}.Release|x64.Build.0 = Release|x64
		{F279142E-A699-45C9-B897-37FE407B9FE6}.Release|x86.ActiveCfg = Release|Win32
		{F279142E-A699-45C9-B897-37FE407B9FE6}.Release|x86.Build.0 = Release|Win32
		{26907F92-8912-47ED-AEA3-44E946621B9C}.Debug|x64.ActiveCfg = Debug|x64
		{26907F92-8912-47ED-AEA3-44E946621B9C}.Debug|x64.Build.0 = Debug|x64
		{26907F92-8912-47ED-AEA3-44E946621B9C}.Debug|x86.ActiveCfg = Debug|Win32
		{26907F92-8912-47ED-AEA3-44E946621B9C}.Debug|x86.Build.0 = Debug|Win32
		{26907F92-8912-47ED-AEA3-44E946621B9C}.Release|x64.ActiveCfg = Release|x64
		{26907F92-8912-47ED-AEA3-44E946621B9C}.Release|x64.Build.0 = Release|x64
		{26907F92-8912-47ED-AEA3-44E946621B9C}.Release|x86.ActiveCfg = Release|Win32
		{26907F92-8912-47ED-AEA3-44E946621B9C}.Release|x86.Build.0 = Release|Win32
		{8440BB77-B923-4A19-87D8-37B2F38A476D}.Debug|x64.ActiveCfg = Debug|x64
		{8440BB77-B923-4A19-87D8-37B2F38A476D}.Debug|x64.Build.0 = Debug|x64
		{8440BB77-B923-4A19-87D8-37B2F38A476D}.Debug|x86.ActiveCfg = Debug|Win32
		{8440BB77-B923-4A19-87D8-37B2F38A476D}.Debug|x86.Build.0 = Debug|Win32
		{8440BB77-B923-4A19-87D8-37B2F38A476D}.Release|x64.ActiveCfg = Release|x64
		{8440BB77-B923-4A19-87D8-37B2F38A476D}.Release|x64.Build.0 = Release|x64
		{8440BB77-B923-4A19-87D8-37B2F38A476D}.Release|x86.ActiveCfg = Release|Win32
		{8440BB77-B923-4A19-87D8-37B2F38A476D}.Release|x86.Build.0 = Release|Win32
		{10F52601-B0C0-46E4-91BC-5D6EE3123626}.Debug|x64.ActiveCfg = Debug|x64
		{10F52601-B0C0-46E4-91BC-5D6EE3123626}.Debug|x64.Build.0 = Debug|x64
		{10F52601-B0C0-46E4-91BC-5D6EE3123626}.Debug|x86.ActiveCfg = Debug|Win32
		{10F52601-B0C0-46E4-91BC-5D6EE3123626}.Debug|x86.Build.0 = Debug|Win32
		{10F52601-B0C0-46E4-91BC-5D6EE3123626}.Release|x64.ActiveCfg = Release|x64
		{10F52601-B0C0-46E4-91BC-5D6EE3123626}.Release|x64.Build.0 = Release|x64
		{10F52601-B0C0-46E4-91BC-5D6EE3123626}.Release|x86.ActiveCfg = Release|Win32
		{10F52601-B0C0-46E4-91BC-5D6EE3123626}.Release|x86.Build.0 = Release|Win32
		{05A5A522-A0BB-4096-884D-660EF4E8D11D}.Debug|x64.ActiveCfg = Debug|x64
		{05A5A522-A0BB-4096-884D-660EF4E8D11D}.Debug|x64.Build.0 = Debug|x64
		{05A5A522-A0BB-4096-884D-660EF4E8D11D}.Debug|x86.ActiveCfg = Debug|Win32
		{05A5A522-A0BB-4096-884D-660EF4E8D11D}.Debug|x86.Build.0 = Debug|Win32
		{05A5A522-A0BB-4096-884D-660EF4E8D11D}.Release|x64.ActiveCfg = Release|x64
		{05A5A522-A0BB-4096-884D-660EF4E8D11D}.Release|x64.Build.0 = Release|x64
		{05A5A522-A0BB-4096-884D-660EF4E8D11D}.Release|x86.ActiveCfg = Release|Win32
		{05A5A522-A0BB-4096-884D-660EF4E8D11D}.Release|x86.Build.0 = Release|Win32
		{561F86AB-0704-471F-AF77-A41FD3FEA693}.Debug|x64.ActiveCfg = Debug|x64
		{561F86AB-0704-471F-AF77-A41FD3FEA693}.Debug|x64.Build.0 = Debug|x64
		{561F86AB-0704-471F-AF77-A41FD3FEA693}.Debug|x86.ActiveCfg = Debug|Win32
		{561F86AB-0704-471F-AF77-A41FD3FEA693}.Debug|x86.Build.0 = Debug|Win32
		{561F86AB-0704-471F-AF77-A41FD3FEA693}.Release|x64.ActiveCfg = Release|x64
		{561F86AB-0704-471F-AF77-A41FD3FEA693}.Release|x64.Build.0 = Release|x64
		{561F86AB-0704-471F-AF77-A41FD3FEA693}.Release|x86.ActiveCfg = Release|Win32
		{561F86AB-0704-471F-AF77-A41FD3FEA693}.Release|x86.Build.0 = Release|Win32
		{1FF60752-CAB7-49D0-B443-2D9A6B4482DB}.Debug|x64.ActiveCfg = Debug|x64
		{1FF60752-CAB7-49D0-B443-2D9A6B4482DB}.Debug|x64.Build.0 = Debug|x64
		{1FF60752-CAB7-49D0-B443-2D9A6B4482DB}.Debug|x86.ActiveCfg = Debug|Win32
		{1FF60752-CAB7-49D0-B443-2D9A6B4482DB}.Debug|x86.Build.0 = Debug|Win32
		{1FF60752-CAB7-49D0-B443-2D9A6B4482DB}.Release|x64.ActiveCfg = Release|x64
		{1FF60752-CAB7-49D0-B443-2D9A6B4482DB}.Release|x64.Build.0 = Release|x64
		{1FF60752-CAB7-49D0-B443-2D9A6B4482DB}.Release|x86.ActiveCfg = Release|Win32
		{1FF60752-CAB7-49D0-B443-2D9A6B4482DB}.Release|x86.Build.0 = Release|Win32
	EndGlobalSection
	GlobalSection(SolutionProperties) = preSolution
		HideSolutionNode = FALSE
	EndGlobalSection
	GlobalSection(ExtensibilityGlobals) = postSolution
		SolutionGuid = {0AB9A818-F4A9-40D3-A8A2-A25888205EF0}
	EndGlobalSection
EndGlobal
